PODS:
  - Flutter (1.0.0)
  - sms (0.0.1):
    - Flutter

DEPENDENCIES:
  - Flutter (from `Flutter`)
  - sms (from `.symlinks/plugins/sms/ios`)

EXTERNAL SOURCES:
  Flutter:
    :path: Flutter
  sms:
    :path: ".symlinks/plugins/sms/ios"

SPEC CHECKSUMS:
  Flutter: 0e3d915762c693b495b44d77113d4970485de6ec
  sms: 1e6c3082da09f2a4961d61bc254cc86865993ffd

PODFILE CHECKSUM: 1b66dae606f75376c5f2135a8290850eeb09ae83

COCOAPODS: 1.8.4
